
Microsoft Visual Studio Solution File, Format Version 12.00
# Visual Studio Version 17
VisualStudioVersion = 17.2.32317.152
MinimumVisualStudioVersion = 10.0.40219.1
Project("{FAE04EC0-301F-11D3-BF4B-00C04F79EFBC}") = "Algorithm", "Algorithm\Algorithm.csproj", "{EDC0CE85-B377-48CA-BD7A-E018C77455D9}"
EndProject
Project("{FAE04EC0-301F-11D3-BF4B-00C04F79EFBC}") = "AlgorithmTests", "AlgorithmTests\AlgorithmTests.csproj", "{D34B65A0-957C-4BA5-879A-F8B9199354D2}"
EndProject
Project("{FAE04EC0-301F-11D3-BF4B-00C04F79EFBC}") = "SortAlgorithms", "SortAlgorithms\SortAlgorithms.csproj", "{3A80C9C9-A708-4B1C-A1E2-1604120E5576}"
EndProject
Global
	GlobalSection(SolutionConfigurationPlatforms) = preSolution
		Debug|Any CPU = Debug|Any CPU
		Release|Any CPU = Release|Any CPU
	EndGlobalSection
	GlobalSection(ProjectConfigurationPlatforms) = postSolution
		{EDC0CE85-B377-48CA-BD7A-E018C77455D9}.Debug|Any CPU.ActiveCfg = Debug|Any CPU
		{EDC0CE85-B377-48CA-BD7A-E018C77455D9}.Debug|Any CPU.Build.0 = Debug|Any CPU
		{EDC0CE85-B377-48CA-BD7A-E018C77455D9}.Release|Any CPU.ActiveCfg = Release|Any CPU
		{EDC0CE85-B377-48CA-BD7A-E018C77455D9}.Release|Any CPU.Build.0 = Release|Any CPU
		{D34B65A0-957C-4BA5-879A-F8B9199354D2}.Debug|Any CPU.ActiveCfg = Debug|Any CPU
		{D34B65A0-957C-4BA5-879A-F8B9199354D2}.Debug|Any CPU.Build.0 = Debug|Any CPU
		{D34B65A0-957C-4BA5-879A-F8B9199354D2}.Release|Any CPU.ActiveCfg = Release|Any CPU
		{D34B65A0-957C-4BA5-879A-F8B9199354D2}.Release|Any CPU.Build.0 = Release|Any CPU
		{3A80C9C9-A708-4B1C-A1E2-1604120E5576}.Debug|Any CPU.ActiveCfg = Debug|Any CPU
		{3A80C9C9-A708-4B1C-A1E2-1604120E5576}.Debug|Any CPU.Build.0 = Debug|Any CPU
		{3A80C9C9-A708-4B1C-A1E2-1604120E5576}.Release|Any CPU.ActiveCfg = Release|Any CPU
		{3A80C9C9-A708-4B1C-A1E2-1604120E5576}.Release|Any CPU.Build.0 = Release|Any CPU
	EndGlobalSection
	GlobalSection(SolutionProperties) = preSolution
		HideSolutionNode = FALSE
	EndGlobalSection
	GlobalSection(ExtensibilityGlobals) = postSolution
		SolutionGuid = {0502ED82-D023-481E-A501-5BA0BF30744C}
	EndGlobalSection
EndGlobal
